
Microsoft Visual Studio Solution File, Format Version 12.00
# Visual Studio Version 17
VisualStudioVersion = 17.9.34728.123
MinimumVisualStudioVersion = 10.0.40219.1
Project("{FAE04EC0-301F-11D3-BF4B-00C04F79EFBC}") = "Company.Route.PL", "Company.Route.PL\Company.Route.PL.csproj", "{01759D5F-5226-412C-AA31-AFABCF67C948}"
EndProject
Project("{FAE04EC0-301F-11D3-BF4B-00C04F79EFBC}") = "Company.Route.DAL", "Company.Route.DAL\Company.Route.DAL.csproj", "{3A89A527-A066-4BA4-AD38-FA3D970A354E}"
EndProject
Project("{FAE04EC0-301F-11D3-BF4B-00C04F79EFBC}") = "Company.Route.BLL", "Company.Route.BLL\Company.Route.BLL.csproj", "{54A01A3F-42D7-4402-9C6D-1E57FB1C076E}"
EndProject
Global
	GlobalSection(SolutionConfigurationPlatforms) = preSolution
		Debug|Any CPU = Debug|Any CPU
		Release|Any CPU = Release|Any CPU
	EndGlobalSection
	GlobalSection(ProjectConfigurationPlatforms) = postSolution
		{01759D5F-5226-412C-AA31-AFABCF67C948}.Debug|Any CPU.ActiveCfg = Debug|Any CPU
		{01759D5F-5226-412C-AA31-AFABCF67C948}.Debug|Any CPU.Build.0 = Debug|Any CPU
		{01759D5F-5226-412C-AA31-AFABCF67C948}.Release|Any CPU.ActiveCfg = Release|Any CPU
		{01759D5F-5226-412C-AA31-AFABCF67C948}.Release|Any CPU.Build.0 = Release|Any CPU
		{3A89A527-A066-4BA4-AD38-FA3D970A354E}.Debug|Any CPU.ActiveCfg = Debug|Any CPU
		{3A89A527-A066-4BA4-AD38-FA3D970A354E}.Debug|Any CPU.Build.0 = Debug|Any CPU
		{3A89A527-A066-4BA4-AD38-FA3D970A354E}.Release|Any CPU.ActiveCfg = Release|Any CPU
		{3A89A527-A066-4BA4-AD38-FA3D970A354E}.Release|Any CPU.Build.0 = Release|Any CPU
		{54A01A3F-42D7-4402-9C6D-1E57FB1C076E}.Debug|Any CPU.ActiveCfg = Debug|Any CPU
		{54A01A3F-42D7-4402-9C6D-1E57FB1C076E}.Debug|Any CPU.Build.0 = Debug|Any CPU
		{54A01A3F-42D7-4402-9C6D-1E57FB1C076E}.Release|Any CPU.ActiveCfg = Release|Any CPU
		{54A01A3F-42D7-4402-9C6D-1E57FB1C076E}.Release|Any CPU.Build.0 = Release|Any CPU
	EndGlobalSection
	GlobalSection(SolutionProperties) = preSolution
		HideSolutionNode = FALSE
	EndGlobalSection
	GlobalSection(ExtensibilityGlobals) = postSolution
		SolutionGuid = {CF83B21A-91E4-40A1-80EA-5F173ECA41C4}
	EndGlobalSection
EndGlobal
